<?xml version="1.0" encoding="utf-8"?>
<Project ToolsVersion="16.0" xmlns="http://schemas.microsoft.com/developer/msbuild/2003">
  <ItemGroup>
    <ClCompile Include="C:\Users\Leond\Documents\Programming\tito-integration-hackaway\src\tito.cpp">
      <Filter>Source Files</Filter>
    </ClCompile>
    <ClCompile Include="C:\Users\Leond\Documents\Programming\tito-integration-hackaway\src\ncurses_utils.cpp">
      <Filter>Source Files</Filter>
    </ClCompile>
    <ClCompile Include="C:\Users\Leond\Documents\Programming\tito-integration-hackaway\src\select_attendee.cpp">
      <Filter>Source Files</Filter>
    </ClCompile>
    <ClCompile Include="C:\Users\Leond\Documents\Programming\tito-integration-hackaway\src\tito_classes.cpp">
      <Filter>Source Files</Filter>
    </ClCompile>
    <ClCompile Include="C:\Users\Leond\Documents\Programming\tito-integration-hackaway\src\error_screen.cpp">
      <Filter>Source Files</Filter>
    </ClCompile>
    <ClCompile Include="C:\Users\Leond\Documents\Programming\tito-integration-hackaway\src\view_attendee.cpp">
      <Filter>Source Files</Filter>
    </ClCompile>
    <ClCompile Include="C:\Users\Leond\Documents\Programming\tito-integration-hackaway\src\main.cpp">
      <Filter>Source Files</Filter>
    </ClCompile>
  </ItemGroup>
  <ItemGroup>
    <CustomBuild Include="C:\Users\Leond\Documents\Programming\tito-integration-hackaway\CMakeLists.txt" />
  </ItemGroup>
  <ItemGroup>
    <Filter Include="Source Files">
      <UniqueIdentifier>{DFFF9EB3-E7F2-3B20-926B-397FBF682482}</UniqueIdentifier>
    </Filter>
  </ItemGroup>
</Project>
